lockfileVersion: '6.0'

settings:
  autoInstallPeers: true
  excludeLinksFromLockfile: false

dependencies:
  xmlbuilder:
    specifier: ^15.1.1
    version: 15.1.1

packages:

  /xmlbuilder@15.1.1:
    resolution: {integrity: sha512-yMqGBqtXyeN1e3TGYvgNgDVZ3j84W4cwkOXQswghol6APgZWaff9lnbvN7MHYJOiXsvGPXtjTYJEiC9J2wv9Eg==}
    engines: {node: '>=8.0'}
    dev: false
